
Microsoft Visual Studio Solution File, Format Version 12.00
# Visual Studio Version 17
VisualStudioVersion = 17.0.31903.59
MinimumVisualStudioVersion = 10.0.40219.1
Project("{2150E333-8FDC-42A3-9474-1A3956D46DE8}") = "source", "source", "{101C8E53-1E78-48D3-A60E-A48590EDDF2F}"
EndProject
Project("{9A19103F-16F7-4668-BE54-9A1E7A4F7556}") = "DigitalEcom.Domain", "source\1-Domain\DigitalEcom.Domain\DigitalEcom.Domain.csproj", "{26818C6D-D4D6-4FB0-86DE-D8C1B8F76ED4}"
EndProject
Project("{FAE04EC0-301F-11D3-BF4B-00C04F79EFBC}") = "DigitalEcom.Application", "source\2-Application\DigitalEcom.Application\DigitalEcom.Application.csproj", "{1B5C17A8-2D80-406D-8101-B25CC3B9DA21}"
EndProject
Project("{FAE04EC0-301F-11D3-BF4B-00C04F79EFBC}") = "DigitalEcom.Infrastructure", "source\3-Infrastructure\DigitalEcom.Infrastructure\DigitalEcom.Infrastructure.csproj", "{4843E515-22BB-4C96-A61E-F85A17FB89EB}"
EndProject
Project("{2150E333-8FDC-42A3-9474-1A3956D46DE8}") = "APIs", "APIs", "{DCDCF3F0-94B4-4E42-B79C-615E0E0624DE}"
EndProject
Project("{FAE04EC0-301F-11D3-BF4B-00C04F79EFBC}") = "DigitalEcom.Services.API.Core", "source\4-APIs\Core\DigitalEcom.Services.API.Core\DigitalEcom.Services.API.Core.csproj", "{EA0A828C-D6FB-42F6-94E5-133282B799DE}"
EndProject
Project("{2150E333-8FDC-42A3-9474-1A3956D46DE8}") = "test", "test", "{E316A606-C048-4198-B768-CCB8D29A95CA}"
EndProject
Project("{FAE04EC0-301F-11D3-BF4B-00C04F79EFBC}") = "DigitalEcom.Domain.Tests", "test\DigitalEcom.Domain.Tests\DigitalEcom.Domain.Tests.csproj", "{A7FB33AA-A5C7-4575-B7DC-5D4A508A5AC4}"
EndProject
Project("{FAE04EC0-301F-11D3-BF4B-00C04F79EFBC}") = "DigitalEcom.Commons", "source\5-Commons\DigitalEcom.Commons\DigitalEcom.Commons.csproj", "{76EC3CAA-E44E-4947-A63C-FA26120E2080}"
EndProject
Global
	GlobalSection(SolutionConfigurationPlatforms) = preSolution
		Debug|Any CPU = Debug|Any CPU
		Release|Any CPU = Release|Any CPU
	EndGlobalSection
	GlobalSection(ProjectConfigurationPlatforms) = postSolution
		{26818C6D-D4D6-4FB0-86DE-D8C1B8F76ED4}.Debug|Any CPU.ActiveCfg = Debug|Any CPU
		{26818C6D-D4D6-4FB0-86DE-D8C1B8F76ED4}.Debug|Any CPU.Build.0 = Debug|Any CPU
		{26818C6D-D4D6-4FB0-86DE-D8C1B8F76ED4}.Release|Any CPU.ActiveCfg = Release|Any CPU
		{26818C6D-D4D6-4FB0-86DE-D8C1B8F76ED4}.Release|Any CPU.Build.0 = Release|Any CPU
		{1B5C17A8-2D80-406D-8101-B25CC3B9DA21}.Debug|Any CPU.ActiveCfg = Debug|Any CPU
		{1B5C17A8-2D80-406D-8101-B25CC3B9DA21}.Debug|Any CPU.Build.0 = Debug|Any CPU
		{1B5C17A8-2D80-406D-8101-B25CC3B9DA21}.Release|Any CPU.ActiveCfg = Release|Any CPU
		{1B5C17A8-2D80-406D-8101-B25CC3B9DA21}.Release|Any CPU.Build.0 = Release|Any CPU
		{4843E515-22BB-4C96-A61E-F85A17FB89EB}.Debug|Any CPU.ActiveCfg = Debug|Any CPU
		{4843E515-22BB-4C96-A61E-F85A17FB89EB}.Debug|Any CPU.Build.0 = Debug|Any CPU
		{4843E515-22BB-4C96-A61E-F85A17FB89EB}.Release|Any CPU.ActiveCfg = Release|Any CPU
		{4843E515-22BB-4C96-A61E-F85A17FB89EB}.Release|Any CPU.Build.0 = Release|Any CPU
		{EA0A828C-D6FB-42F6-94E5-133282B799DE}.Debug|Any CPU.ActiveCfg = Debug|Any CPU
		{EA0A828C-D6FB-42F6-94E5-133282B799DE}.Debug|Any CPU.Build.0 = Debug|Any CPU
		{EA0A828C-D6FB-42F6-94E5-133282B799DE}.Release|Any CPU.ActiveCfg = Release|Any CPU
		{EA0A828C-D6FB-42F6-94E5-133282B799DE}.Release|Any CPU.Build.0 = Release|Any CPU
		{A7FB33AA-A5C7-4575-B7DC-5D4A508A5AC4}.Debug|Any CPU.ActiveCfg = Debug|Any CPU
		{A7FB33AA-A5C7-4575-B7DC-5D4A508A5AC4}.Debug|Any CPU.Build.0 = Debug|Any CPU
		{A7FB33AA-A5C7-4575-B7DC-5D4A508A5AC4}.Release|Any CPU.ActiveCfg = Release|Any CPU
		{A7FB33AA-A5C7-4575-B7DC-5D4A508A5AC4}.Release|Any CPU.Build.0 = Release|Any CPU
		{76EC3CAA-E44E-4947-A63C-FA26120E2080}.Debug|Any CPU.ActiveCfg = Debug|Any CPU
		{76EC3CAA-E44E-4947-A63C-FA26120E2080}.Debug|Any CPU.Build.0 = Debug|Any CPU
		{76EC3CAA-E44E-4947-A63C-FA26120E2080}.Release|Any CPU.ActiveCfg = Release|Any CPU
		{76EC3CAA-E44E-4947-A63C-FA26120E2080}.Release|Any CPU.Build.0 = Release|Any CPU
	EndGlobalSection
	GlobalSection(SolutionProperties) = preSolution
		HideSolutionNode = FALSE
	EndGlobalSection
	GlobalSection(NestedProjects) = preSolution
		{26818C6D-D4D6-4FB0-86DE-D8C1B8F76ED4} = {101C8E53-1E78-48D3-A60E-A48590EDDF2F}
		{1B5C17A8-2D80-406D-8101-B25CC3B9DA21} = {101C8E53-1E78-48D3-A60E-A48590EDDF2F}
		{4843E515-22BB-4C96-A61E-F85A17FB89EB} = {101C8E53-1E78-48D3-A60E-A48590EDDF2F}
		{DCDCF3F0-94B4-4E42-B79C-615E0E0624DE} = {101C8E53-1E78-48D3-A60E-A48590EDDF2F}
		{EA0A828C-D6FB-42F6-94E5-133282B799DE} = {DCDCF3F0-94B4-4E42-B79C-615E0E0624DE}
		{A7FB33AA-A5C7-4575-B7DC-5D4A508A5AC4} = {E316A606-C048-4198-B768-CCB8D29A95CA}
		{76EC3CAA-E44E-4947-A63C-FA26120E2080} = {101C8E53-1E78-48D3-A60E-A48590EDDF2F}
	EndGlobalSection
	GlobalSection(ExtensibilityGlobals) = postSolution
		SolutionGuid = {493CCB0C-4F4F-400C-9D3A-56797BF03E6B}
	EndGlobalSection
EndGlobal
